
Microsoft Visual Studio Solution File, Format Version 12.00
# Visual Studio Version 17
VisualStudioVersion = 17.14.36119.2 d17.14
MinimumVisualStudioVersion = 10.0.40219.1
Project("{FAE04EC0-301F-11D3-BF4B-00C04F79EFBC}") = "TaskFlow.Domain", "TaskFlow.Domain\TaskFlow.Domain.csproj", "{3CC63051-28DB-4250-B57C-0B70BDDF6966}"
EndProject
Project("{FAE04EC0-301F-11D3-BF4B-00C04F79EFBC}") = "TaskFlow.Application", "TaskFlow.Application\TaskFlow.Application.csproj", "{A8408019-1C8C-400E-972D-3BF6D0EDE390}"
EndProject
Project("{FAE04EC0-301F-11D3-BF4B-00C04F79EFBC}") = "TaskFlow.Infra", "TaskFlow.Infra\TaskFlow.Infra.csproj", "{1751F04B-4A60-41B3-889A-2228009DE130}"
EndProject
Project("{FAE04EC0-301F-11D3-BF4B-00C04F79EFBC}") = "TaskFlow.WebAPI", "TaskFlow.WebAPI\TaskFlow.WebAPI.csproj", "{265B19AD-3E59-4D74-AE54-C944CE163801}"
EndProject
Global
	GlobalSection(SolutionConfigurationPlatforms) = preSolution
		Debug|Any CPU = Debug|Any CPU
		Release|Any CPU = Release|Any CPU
	EndGlobalSection
	GlobalSection(ProjectConfigurationPlatforms) = postSolution
		{3CC63051-28DB-4250-B57C-0B70BDDF6966}.Debug|Any CPU.ActiveCfg = Debug|Any CPU
		{3CC63051-28DB-4250-B57C-0B70BDDF6966}.Debug|Any CPU.Build.0 = Debug|Any CPU
		{3CC63051-28DB-4250-B57C-0B70BDDF6966}.Release|Any CPU.ActiveCfg = Release|Any CPU
		{3CC63051-28DB-4250-B57C-0B70BDDF6966}.Release|Any CPU.Build.0 = Release|Any CPU
		{A8408019-1C8C-400E-972D-3BF6D0EDE390}.Debug|Any CPU.ActiveCfg = Debug|Any CPU
		{A8408019-1C8C-400E-972D-3BF6D0EDE390}.Debug|Any CPU.Build.0 = Debug|Any CPU
		{A8408019-1C8C-400E-972D-3BF6D0EDE390}.Release|Any CPU.ActiveCfg = Release|Any CPU
		{A8408019-1C8C-400E-972D-3BF6D0EDE390}.Release|Any CPU.Build.0 = Release|Any CPU
		{1751F04B-4A60-41B3-889A-2228009DE130}.Debug|Any CPU.ActiveCfg = Debug|Any CPU
		{1751F04B-4A60-41B3-889A-2228009DE130}.Debug|Any CPU.Build.0 = Debug|Any CPU
		{1751F04B-4A60-41B3-889A-2228009DE130}.Release|Any CPU.ActiveCfg = Release|Any CPU
		{1751F04B-4A60-41B3-889A-2228009DE130}.Release|Any CPU.Build.0 = Release|Any CPU
		{265B19AD-3E59-4D74-AE54-C944CE163801}.Debug|Any CPU.ActiveCfg = Debug|Any CPU
		{265B19AD-3E59-4D74-AE54-C944CE163801}.Debug|Any CPU.Build.0 = Debug|Any CPU
		{265B19AD-3E59-4D74-AE54-C944CE163801}.Release|Any CPU.ActiveCfg = Release|Any CPU
		{265B19AD-3E59-4D74-AE54-C944CE163801}.Release|Any CPU.Build.0 = Release|Any CPU
	EndGlobalSection
	GlobalSection(SolutionProperties) = preSolution
		HideSolutionNode = FALSE
	EndGlobalSection
	GlobalSection(ExtensibilityGlobals) = postSolution
		SolutionGuid = {397201B0-3687-4B71-941B-05E4DB50698F}
	EndGlobalSection
EndGlobal
